
Microsoft Visual Studio Solution File, Format Version 12.00
# Visual Studio Version 17
VisualStudioVersion = 17.5.33502.453
MinimumVisualStudioVersion = 10.0.40219.1
Project("{9A19103F-16F7-4668-BE54-9A1E7A4F7556}") = "ChatCompletion", "ChatCompletion.csproj", "{66024475-9C81-4A40-8CA0-A42A397F5045}"
EndProject
Global
	GlobalSection(SolutionConfigurationPlatforms) = preSolution
		Debug|Any CPU = Debug|Any CPU
		Release|Any CPU = Release|Any CPU
	EndGlobalSection
	GlobalSection(ProjectConfigurationPlatforms) = postSolution
		{66024475-9C81-4A40-8CA0-A42A397F5045}.Debug|Any CPU.ActiveCfg = Debug|Any CPU
		{66024475-9C81-4A40-8CA0-A42A397F5045}.Debug|Any CPU.Build.0 = Debug|Any CPU
		{66024475-9C81-4A40-8CA0-A42A397F5045}.Release|Any CPU.ActiveCfg = Release|Any CPU
		{66024475-9C81-4A40-8CA0-A42A397F5045}.Release|Any CPU.Build.0 = Release|Any CPU
	EndGlobalSection
	GlobalSection(SolutionProperties) = preSolution
		HideSolutionNode = FALSE
	EndGlobalSection
	GlobalSection(ExtensibilityGlobals) = postSolution
		SolutionGuid = {FF21CF30-BC1E-4C31-A3FC-E24776636C2C}
	EndGlobalSection
EndGlobal
